
Microsoft Visual Studio Solution File, Format Version 12.00
# Visual Studio Version 16
VisualStudioVersion = 16.0.31729.503
MinimumVisualStudioVersion = 10.0.40219.1
Project("{FAE04EC0-301F-11D3-BF4B-00C04F79EFBC}") = "MarkdownToPdf", "MarkdownToPdf\MarkdownToPdf.csproj", "{3B2A01A0-B940-480B-BB24-4AB041A04AA2}"
EndProject
Project("{2150E333-8FDC-42A3-9474-1A3956D46DE8}") = "Solution Items", "Solution Items", "{7D4444C4-1569-4471-885D-EB16227B11CC}"
	ProjectSection(SolutionItems) = preProject
		.editorconfig = .editorconfig
		todo.txt = todo.txt
	EndProjectSection
EndProject
Project("{FAE04EC0-301F-11D3-BF4B-00C04F79EFBC}") = "Tests", "Tests\Tests.csproj", "{6DF4A657-6D6F-4E04-8621-6DE99C8D78F6}"
EndProject
Project("{FAE04EC0-301F-11D3-BF4B-00C04F79EFBC}") = "DemoHighlighter", "DemoHighlight\DemoHighlighter.csproj", "{03D26E9E-02B3-474A-BF6F-FC1E6F04BF66}"
EndProject
Project("{FAE04EC0-301F-11D3-BF4B-00C04F79EFBC}") = "DemoImagePlugin", "DemoImagePlugin\DemoImagePlugin.csproj", "{02AD716B-4EEC-4094-8B0D-DF2EFD2C2A6A}"
EndProject
Global
	GlobalSection(SolutionConfigurationPlatforms) = preSolution
		Debug|Any CPU = Debug|Any CPU
		Release|Any CPU = Release|Any CPU
	EndGlobalSection
	GlobalSection(ProjectConfigurationPlatforms) = postSolution
		{3B2A01A0-B940-480B-BB24-4AB041A04AA2}.Debug|Any CPU.ActiveCfg = Debug|Any CPU
		{3B2A01A0-B940-480B-BB24-4AB041A04AA2}.Debug|Any CPU.Build.0 = Debug|Any CPU
		{3B2A01A0-B940-480B-BB24-4AB041A04AA2}.Release|Any CPU.ActiveCfg = Release|Any CPU
		{3B2A01A0-B940-480B-BB24-4AB041A04AA2}.Release|Any CPU.Build.0 = Release|Any CPU
		{6DF4A657-6D6F-4E04-8621-6DE99C8D78F6}.Debug|Any CPU.ActiveCfg = Debug|Any CPU
		{6DF4A657-6D6F-4E04-8621-6DE99C8D78F6}.Debug|Any CPU.Build.0 = Debug|Any CPU
		{6DF4A657-6D6F-4E04-8621-6DE99C8D78F6}.Release|Any CPU.ActiveCfg = Release|Any CPU
		{6DF4A657-6D6F-4E04-8621-6DE99C8D78F6}.Release|Any CPU.Build.0 = Release|Any CPU
		{03D26E9E-02B3-474A-BF6F-FC1E6F04BF66}.Debug|Any CPU.ActiveCfg = Debug|Any CPU
		{03D26E9E-02B3-474A-BF6F-FC1E6F04BF66}.Debug|Any CPU.Build.0 = Debug|Any CPU
		{03D26E9E-02B3-474A-BF6F-FC1E6F04BF66}.Release|Any CPU.ActiveCfg = Release|Any CPU
		{03D26E9E-02B3-474A-BF6F-FC1E6F04BF66}.Release|Any CPU.Build.0 = Release|Any CPU
		{02AD716B-4EEC-4094-8B0D-DF2EFD2C2A6A}.Debug|Any CPU.ActiveCfg = Debug|Any CPU
		{02AD716B-4EEC-4094-8B0D-DF2EFD2C2A6A}.Debug|Any CPU.Build.0 = Debug|Any CPU
		{02AD716B-4EEC-4094-8B0D-DF2EFD2C2A6A}.Release|Any CPU.ActiveCfg = Release|Any CPU
		{02AD716B-4EEC-4094-8B0D-DF2EFD2C2A6A}.Release|Any CPU.Build.0 = Release|Any CPU
	EndGlobalSection
	GlobalSection(SolutionProperties) = preSolution
		HideSolutionNode = FALSE
	EndGlobalSection
	GlobalSection(ExtensibilityGlobals) = postSolution
		SolutionGuid = {BFA835BD-3066-421E-BC19-84987476E752}
	EndGlobalSection
EndGlobal
